// !$*UTF8*$!
{
	archiveVersion = 1;
	classes = {
	};
	objectVersion = 55;
	objects = {

/* Begin PBXBuildFile section */
		6E02B758280F0596006EA399 /* Decoders.swift in Sources */ = {isa = PBXBuildFile; fileRef = 6E02B757280F0596006EA399 /* Decoders.swift */; };
		6E039135280E8B2100D0987E /* SavedCountryViewController.swift in Sources */ = {isa = PBXBuildFile; fileRef = 6E039134280E8B2100D0987E /* SavedCountryViewController.swift */; };
		6E039138280E8BA600D0987E /* DetailCardViewController.swift in Sources */ = {isa = PBXBuildFile; fileRef = 6E039137280E8BA600D0987E /* DetailCardViewController.swift */; };
		6E03913E280EE04700D0987E /* Network.swift in Sources */ = {isa = PBXBuildFile; fileRef = 6E03913D280EE04700D0987E /* Network.swift */; };
		6E039143280EF13700D0987E /* CountryModel.swift in Sources */ = {isa = PBXBuildFile; fileRef = 6E039142280EF13700D0987E /* CountryModel.swift */; };
		6E2A5373280DF15100D13300 /* AppDelegate.swift in Sources */ = {isa = PBXBuildFile; fileRef = 6E2A5372280DF15100D13300 /* AppDelegate.swift */; };
		6E2A5375280DF15100D13300 /* SceneDelegate.swift in Sources */ = {isa = PBXBuildFile; fileRef = 6E2A5374280DF15100D13300 /* SceneDelegate.swift */; };
		6E2A537A280DF15100D13300 /* Main.storyboard in Resources */ = {isa = PBXBuildFile; fileRef = 6E2A5378280DF15100D13300 /* Main.storyboard */; };
		6E2A537C280DF15400D13300 /* Assets.xcassets in Resources */ = {isa = PBXBuildFile; fileRef = 6E2A537B280DF15400D13300 /* Assets.xcassets */; };
		6E2A537F280DF15400D13300 /* LaunchScreen.storyboard in Resources */ = {isa = PBXBuildFile; fileRef = 6E2A537D280DF15400D13300 /* LaunchScreen.storyboard */; };
		6E2A538A280DF15400D13300 /* CountriesTests.swift in Sources */ = {isa = PBXBuildFile; fileRef = 6E2A5389280DF15400D13300 /* CountriesTests.swift */; };
		6E2A5394280DF15400D13300 /* CountriesUITests.swift in Sources */ = {isa = PBXBuildFile; fileRef = 6E2A5393280DF15400D13300 /* CountriesUITests.swift */; };
		6E2A5396280DF15400D13300 /* CountriesUITestsLaunchTests.swift in Sources */ = {isa = PBXBuildFile; fileRef = 6E2A5395280DF15400D13300 /* CountriesUITestsLaunchTests.swift */; };
		6E2A53AD280DFE9300D13300 /* HomePageViewController.swift in Sources */ = {isa = PBXBuildFile; fileRef = 6E2A53AC280DFE9300D13300 /* HomePageViewController.swift */; };
		6E2A53B2280E1AB200D13300 /* Alamofire in Frameworks */ = {isa = PBXBuildFile; productRef = 6E2A53B1280E1AB200D13300 /* Alamofire */; };
		6ECBF0312810918700DE0F3C /* CountryListTableViewCell.swift in Sources */ = {isa = PBXBuildFile; fileRef = 6ECBF0302810918700DE0F3C /* CountryListTableViewCell.swift */; };
		6ECBF0332810A63600DE0F3C /* CountryDetailModel.swift in Sources */ = {isa = PBXBuildFile; fileRef = 6ECBF0322810A63600DE0F3C /* CountryDetailModel.swift */; };
		6ECBF0352810A7C200DE0F3C /* DetailCardViewModel.swift in Sources */ = {isa = PBXBuildFile; fileRef = 6ECBF0342810A7C200DE0F3C /* DetailCardViewModel.swift */; };
		6ED900EC2811CC3F00445C0A /* SDWebImage in Frameworks */ = {isa = PBXBuildFile; productRef = 6ED900EB2811CC3F00445C0A /* SDWebImage */; };
		6ED900EE2811CC3F00445C0A /* SDWebImageMapKit in Frameworks */ = {isa = PBXBuildFile; productRef = 6ED900ED2811CC3F00445C0A /* SDWebImageMapKit */; };
		6EF16BFF280F507800B8530C /* TabBarViewController.swift in Sources */ = {isa = PBXBuildFile; fileRef = 6EF16BFE280F507800B8530C /* TabBarViewController.swift */; };
		6EF16C04280F5A1700B8530C /* HomePageViewModel.swift in Sources */ = {isa = PBXBuildFile; fileRef = 6EF16C03280F5A1700B8530C /* HomePageViewModel.swift */; };
/* End PBXBuildFile section */

/* Begin PBXContainerItemProxy section */
		6E2A5386280DF15400D13300 /* PBXContainerItemProxy */ = {
			isa = PBXContainerItemProxy;
			containerPortal = 6E2A5367280DF15000D13300 /* Project object */;
			proxyType = 1;
			remoteGlobalIDString = 6E2A536E280DF15100D13300;
			remoteInfo = Countries;
		};
		6E2A5390280DF15400D13300 /* PBXContainerItemProxy */ = {
			isa = PBXContainerItemProxy;
			containerPortal = 6E2A5367280DF15000D13300 /* Project object */;
			proxyType = 1;
			remoteGlobalIDString = 6E2A536E280DF15100D13300;
			remoteInfo = Countries;
		};
/* End PBXContainerItemProxy section */

/* Begin PBXFileReference section */
		6E02B757280F0596006EA399 /* Decoders.swift */ = {isa = PBXFileReference; lastKnownFileType = sourcecode.swift; path = Decoders.swift; sourceTree = "<group>"; };
		6E039134280E8B2100D0987E /* SavedCountryViewController.swift */ = {isa = PBXFileReference; lastKnownFileType = sourcecode.swift; path = SavedCountryViewController.swift; sourceTree = "<group>"; };
		6E039137280E8BA600D0987E /* DetailCardViewController.swift */ = {isa = PBXFileReference; lastKnownFileType = sourcecode.swift; path = DetailCardViewController.swift; sourceTree = "<group>"; };
		6E03913D280EE04700D0987E /* Network.swift */ = {isa = PBXFileReference; lastKnownFileType = sourcecode.swift; path = Network.swift; sourceTree = "<group>"; };
		6E039142280EF13700D0987E /* CountryModel.swift */ = {isa = PBXFileReference; lastKnownFileType = sourcecode.swift; path = CountryModel.swift; sourceTree = "<group>"; };
		6E2A536F280DF15100D13300 /* Countries.app */ = {isa = PBXFileReference; explicitFileType = wrapper.application; includeInIndex = 0; path = Countries.app; sourceTree = BUILT_PRODUCTS_DIR; };
		6E2A5372280DF15100D13300 /* AppDelegate.swift */ = {isa = PBXFileReference; lastKnownFileType = sourcecode.swift; path = AppDelegate.swift; sourceTree = "<group>"; };
		6E2A5374280DF15100D13300 /* SceneDelegate.swift */ = {isa = PBXFileReference; lastKnownFileType = sourcecode.swift; path = SceneDelegate.swift; sourceTree = "<group>"; };
		6E2A5379280DF15100D13300 /* Base */ = {isa = PBXFileReference; lastKnownFileType = file.storyboard; name = Base; path = Base.lproj/Main.storyboard; sourceTree = "<group>"; };
		6E2A537B280DF15400D13300 /* Assets.xcassets */ = {isa = PBXFileReference; lastKnownFileType = folder.assetcatalog; path = Assets.xcassets; sourceTree = "<group>"; };
		6E2A537E280DF15400D13300 /* Base */ = {isa = PBXFileReference; lastKnownFileType = file.storyboard; name = Base; path = Base.lproj/LaunchScreen.storyboard; sourceTree = "<group>"; };
		6E2A5380280DF15400D13300 /* Info.plist */ = {isa = PBXFileReference; lastKnownFileType = text.plist.xml; path = Info.plist; sourceTree = "<group>"; };
		6E2A5385280DF15400D13300 /* CountriesTests.xctest */ = {isa = PBXFileReference; explicitFileType = wrapper.cfbundle; includeInIndex = 0; path = CountriesTests.xctest; sourceTree = BUILT_PRODUCTS_DIR; };
		6E2A5389280DF15400D13300 /* CountriesTests.swift */ = {isa = PBXFileReference; lastKnownFileType = sourcecode.swift; path = CountriesTests.swift; sourceTree = "<group>"; };
		6E2A538F280DF15400D13300 /* CountriesUITests.xctest */ = {isa = PBXFileReference; explicitFileType = wrapper.cfbundle; includeInIndex = 0; path = CountriesUITests.xctest; sourceTree = BUILT_PRODUCTS_DIR; };
		6E2A5393280DF15400D13300 /* CountriesUITests.swift */ = {isa = PBXFileReference; lastKnownFileType = sourcecode.swift; path = CountriesUITests.swift; sourceTree = "<group>"; };
		6E2A5395280DF15400D13300 /* CountriesUITestsLaunchTests.swift */ = {isa = PBXFileReference; lastKnownFileType = sourcecode.swift; path = CountriesUITestsLaunchTests.swift; sourceTree = "<group>"; };
		6E2A53AC280DFE9300D13300 /* HomePageViewController.swift */ = {isa = PBXFileReference; lastKnownFileType = sourcecode.swift; path = HomePageViewController.swift; sourceTree = "<group>"; };
		6ECBF0302810918700DE0F3C /* CountryListTableViewCell.swift */ = {isa = PBXFileReference; lastKnownFileType = sourcecode.swift; path = CountryListTableViewCell.swift; sourceTree = "<group>"; };
		6ECBF0322810A63600DE0F3C /* CountryDetailModel.swift */ = {isa = PBXFileReference; lastKnownFileType = sourcecode.swift; path = CountryDetailModel.swift; sourceTree = "<group>"; };
		6ECBF0342810A7C200DE0F3C /* DetailCardViewModel.swift */ = {isa = PBXFileReference; lastKnownFileType = sourcecode.swift; path = DetailCardViewModel.swift; sourceTree = "<group>"; };
		6EF16BFE280F507800B8530C /* TabBarViewController.swift */ = {isa = PBXFileReference; lastKnownFileType = sourcecode.swift; path = TabBarViewController.swift; sourceTree = "<group>"; };
		6EF16C03280F5A1700B8530C /* HomePageViewModel.swift */ = {isa = PBXFileReference; lastKnownFileType = sourcecode.swift; path = HomePageViewModel.swift; sourceTree = "<group>"; };
/* End PBXFileReference section */

/* Begin PBXFrameworksBuildPhase section */
		6E2A536C280DF15100D13300 /* Frameworks */ = {
			isa = PBXFrameworksBuildPhase;
			buildActionMask = 2147483647;
			files = (
				6ED900EC2811CC3F00445C0A /* SDWebImage in Frameworks */,
				6ED900EE2811CC3F00445C0A /* SDWebImageMapKit in Frameworks */,
				6E2A53B2280E1AB200D13300 /* Alamofire in Frameworks */,
			);
			runOnlyForDeploymentPostprocessing = 0;
		};
		6E2A5382280DF15400D13300 /* Frameworks */ = {
			isa = PBXFrameworksBuildPhase;
			buildActionMask = 2147483647;
			files = (
			);
			runOnlyForDeploymentPostprocessing = 0;
		};
		6E2A538C280DF15400D13300 /* Frameworks */ = {
			isa = PBXFrameworksBuildPhase;
			buildActionMask = 2147483647;
			files = (
			);
			runOnlyForDeploymentPostprocessing = 0;
		};
/* End PBXFrameworksBuildPhase section */

/* Begin PBXGroup section */
		6E02B756280EFF5F006EA399 /* Common */ = {
			isa = PBXGroup;
			children = (
				6E039141280EF12400D0987E /* Model */,
			);
			path = Common;
			sourceTree = "<group>";
		};
		6E039136280E8B9500D0987E /* Detail */ = {
			isa = PBXGroup;
			children = (
				6E039137280E8BA600D0987E /* DetailCardViewController.swift */,
				6ECBF0342810A7C200DE0F3C /* DetailCardViewModel.swift */,
			);
			path = Detail;
			sourceTree = "<group>";
		};
		6E03913C280EE03900D0987E /* Network */ = {
			isa = PBXGroup;
			children = (
				6E03913D280EE04700D0987E /* Network.swift */,
				6E02B757280F0596006EA399 /* Decoders.swift */,
			);
			path = Network;
			sourceTree = "<group>";
		};
		6E039141280EF12400D0987E /* Model */ = {
			isa = PBXGroup;
			children = (
				6E039142280EF13700D0987E /* CountryModel.swift */,
				6ECBF0322810A63600DE0F3C /* CountryDetailModel.swift */,
			);
			path = Model;
			sourceTree = "<group>";
		};
		6E2A5366280DF15000D13300 = {
			isa = PBXGroup;
			children = (
				6E2A5371280DF15100D13300 /* Countries */,
				6E2A5388280DF15400D13300 /* CountriesTests */,
				6E2A5392280DF15400D13300 /* CountriesUITests */,
				6E2A5370280DF15100D13300 /* Products */,
			);
			sourceTree = "<group>";
		};
		6E2A5370280DF15100D13300 /* Products */ = {
			isa = PBXGroup;
			children = (
				6E2A536F280DF15100D13300 /* Countries.app */,
				6E2A5385280DF15400D13300 /* CountriesTests.xctest */,
				6E2A538F280DF15400D13300 /* CountriesUITests.xctest */,
			);
			name = Products;
			sourceTree = "<group>";
		};
		6E2A5371280DF15100D13300 /* Countries */ = {
			isa = PBXGroup;
			children = (
				6ECBF02F28103F7600DE0F3C /* Delegates */,
				6EF16C02280F59FE00B8530C /* Scene */,
				6E02B756280EFF5F006EA399 /* Common */,
				6E03913C280EE03900D0987E /* Network */,
				6E2A537B280DF15400D13300 /* Assets.xcassets */,
				6E2A537D280DF15400D13300 /* LaunchScreen.storyboard */,
				6E2A5380280DF15400D13300 /* Info.plist */,
			);
			path = Countries;
			sourceTree = "<group>";
		};
		6E2A5388280DF15400D13300 /* CountriesTests */ = {
			isa = PBXGroup;
			children = (
				6E2A5389280DF15400D13300 /* CountriesTests.swift */,
			);
			path = CountriesTests;
			sourceTree = "<group>";
		};
		6E2A5392280DF15400D13300 /* CountriesUITests */ = {
			isa = PBXGroup;
			children = (
				6E2A5393280DF15400D13300 /* CountriesUITests.swift */,
				6E2A5395280DF15400D13300 /* CountriesUITestsLaunchTests.swift */,
			);
			path = CountriesUITests;
			sourceTree = "<group>";
		};
		6E2A53A2280DF87A00D13300 /* SavedCountry */ = {
			isa = PBXGroup;
			children = (
				6E039134280E8B2100D0987E /* SavedCountryViewController.swift */,
			);
			path = SavedCountry;
			sourceTree = "<group>";
		};
		6ECBF02B28103ECC00DE0F3C /* TabBar */ = {
			isa = PBXGroup;
			children = (
				6EF16BFE280F507800B8530C /* TabBarViewController.swift */,
			);
			path = TabBar;
			sourceTree = "<group>";
		};
		6ECBF02C28103EE700DE0F3C /* HomePage */ = {
			isa = PBXGroup;
			children = (
				6E2A53AC280DFE9300D13300 /* HomePageViewController.swift */,
				6EF16C03280F5A1700B8530C /* HomePageViewModel.swift */,
			);
			path = HomePage;
			sourceTree = "<group>";
		};
		6ECBF02D28103F2D00DE0F3C /* Shared */ = {
			isa = PBXGroup;
			children = (
				6ECBF02E28103F3D00DE0F3C /* Views */,
			);
			path = Shared;
			sourceTree = "<group>";
		};
		6ECBF02E28103F3D00DE0F3C /* Views */ = {
			isa = PBXGroup;
			children = (
				6ECBF0302810918700DE0F3C /* CountryListTableViewCell.swift */,
			);
			path = Views;
			sourceTree = "<group>";
		};
		6ECBF02F28103F7600DE0F3C /* Delegates */ = {
			isa = PBXGroup;
			children = (
				6E2A5372280DF15100D13300 /* AppDelegate.swift */,
				6E2A5374280DF15100D13300 /* SceneDelegate.swift */,
			);
			path = Delegates;
			sourceTree = "<group>";
		};
		6EF16C02280F59FE00B8530C /* Scene */ = {
			isa = PBXGroup;
			children = (
				6E2A5378280DF15100D13300 /* Main.storyboard */,
				6ECBF02D28103F2D00DE0F3C /* Shared */,
				6E039136280E8B9500D0987E /* Detail */,
				6ECBF02C28103EE700DE0F3C /* HomePage */,
				6ECBF02B28103ECC00DE0F3C /* TabBar */,
				6E2A53A2280DF87A00D13300 /* SavedCountry */,
			);
			path = Scene;
			sourceTree = "<group>";
		};
/* End PBXGroup section */

/* Begin PBXNativeTarget section */
		6E2A536E280DF15100D13300 /* Countries */ = {
			isa = PBXNativeTarget;
			buildConfigurationList = 6E2A5399280DF15400D13300 /* Build configuration list for PBXNativeTarget "Countries" */;
			buildPhases = (
				6E2A536B280DF15100D13300 /* Sources */,
				6E2A536C280DF15100D13300 /* Frameworks */,
				6E2A536D280DF15100D13300 /* Resources */,
			);
			buildRules = (
			);
			dependencies = (
			);
			name = Countries;
			packageProductDependencies = (
				6E2A53B1280E1AB200D13300 /* Alamofire */,
				6ED900EB2811CC3F00445C0A /* SDWebImage */,
				6ED900ED2811CC3F00445C0A /* SDWebImageMapKit */,
			);
			productName = Countries;
			productReference = 6E2A536F280DF15100D13300 /* Countries.app */;
			productType = "com.apple.product-type.application";
		};
		6E2A5384280DF15400D13300 /* CountriesTests */ = {
			isa = PBXNativeTarget;
			buildConfigurationList = 6E2A539C280DF15400D13300 /* Build configuration list for PBXNativeTarget "CountriesTests" */;
			buildPhases = (
				6E2A5381280DF15400D13300 /* Sources */,
				6E2A5382280DF15400D13300 /* Frameworks */,
				6E2A5383280DF15400D13300 /* Resources */,
			);
			buildRules = (
			);
			dependencies = (
				6E2A5387280DF15400D13300 /* PBXTargetDependency */,
			);
			name = CountriesTests;
			productName = CountriesTests;
			productReference = 6E2A5385280DF15400D13300 /* CountriesTests.xctest */;
			productType = "com.apple.product-type.bundle.unit-test";
		};
		6E2A538E280DF15400D13300 /* CountriesUITests */ = {
			isa = PBXNativeTarget;
			buildConfigurationList = 6E2A539F280DF15400D13300 /* Build configuration list for PBXNativeTarget "CountriesUITests" */;
			buildPhases = (
				6E2A538B280DF15400D13300 /* Sources */,
				6E2A538C280DF15400D13300 /* Frameworks */,
				6E2A538D280DF15400D13300 /* Resources */,
			);
			buildRules = (
			);
			dependencies = (
				6E2A5391280DF15400D13300 /* PBXTargetDependency */,
			);
			name = CountriesUITests;
			productName = CountriesUITests;
			productReference = 6E2A538F280DF15400D13300 /* CountriesUITests.xctest */;
			productType = "com.apple.product-type.bundle.ui-testing";
		};
/* End PBXNativeTarget section */

/* Begin PBXProject section */
		6E2A5367280DF15000D13300 /* Project object */ = {
			isa = PBXProject;
			attributes = {
				BuildIndependentTargetsInParallel = 1;
				LastSwiftUpdateCheck = 1330;
				LastUpgradeCheck = 1330;
				TargetAttributes = {
					6E2A536E280DF15100D13300 = {
						CreatedOnToolsVersion = 13.3;
					};
					6E2A5384280DF15400D13300 = {
						CreatedOnToolsVersion = 13.3;
						TestTargetID = 6E2A536E280DF15100D13300;
					};
					6E2A538E280DF15400D13300 = {
						CreatedOnToolsVersion = 13.3;
						TestTargetID = 6E2A536E280DF15100D13300;
					};
				};
			};
			buildConfigurationList = 6E2A536A280DF15000D13300 /* Build configuration list for PBXProject "Countries" */;
			compatibilityVersion = "Xcode 13.0";
			developmentRegion = en;
			hasScannedForEncodings = 0;
			knownRegions = (
				en,
				Base,
			);
			mainGroup = 6E2A5366280DF15000D13300;
			packageReferences = (
				6E2A53B0280E1AB200D13300 /* XCRemoteSwiftPackageReference "Alamofire" */,
				6ED900EA2811CC3F00445C0A /* XCRemoteSwiftPackageReference "SDWebImage" */,
			);
			productRefGroup = 6E2A5370280DF15100D13300 /* Products */;
			projectDirPath = "";
			projectRoot = "";
			targets = (
				6E2A536E280DF15100D13300 /* Countries */,
				6E2A5384280DF15400D13300 /* CountriesTests */,
				6E2A538E280DF15400D13300 /* CountriesUITests */,
			);
		};
/* End PBXProject section */

/* Begin PBXResourcesBuildPhase section */
		6E2A536D280DF15100D13300 /* Resources */ = {
			isa = PBXResourcesBuildPhase;
			buildActionMask = 2147483647;
			files = (
				6E2A537F280DF15400D13300 /* LaunchScreen.storyboard in Resources */,
				6E2A537C280DF15400D13300 /* Assets.xcassets in Resources */,
				6E2A537A280DF15100D13300 /* Main.storyboard in Resources */,
			);
			runOnlyForDeploymentPostprocessing = 0;
		};
		6E2A5383280DF15400D13300 /* Resources */ = {
			isa = PBXResourcesBuildPhase;
			buildActionMask = 2147483647;
			files = (
			);
			runOnlyForDeploymentPostprocessing = 0;
		};
		6E2A538D280DF15400D13300 /* Resources */ = {
			isa = PBXResourcesBuildPhase;
			buildActionMask = 2147483647;
			files = (
			);
			runOnlyForDeploymentPostprocessing = 0;
		};
/* End PBXResourcesBuildPhase section */

/* Begin PBXSourcesBuildPhase section */
		6E2A536B280DF15100D13300 /* Sources */ = {
			isa = PBXSourcesBuildPhase;
			buildActionMask = 2147483647;
			files = (
				6E2A53AD280DFE9300D13300 /* HomePageViewController.swift in Sources */,
				6ECBF0332810A63600DE0F3C /* CountryDetailModel.swift in Sources */,
				6E039143280EF13700D0987E /* CountryModel.swift in Sources */,
				6E03913E280EE04700D0987E /* Network.swift in Sources */,
				6ECBF0312810918700DE0F3C /* CountryListTableViewCell.swift in Sources */,
				6EF16C04280F5A1700B8530C /* HomePageViewModel.swift in Sources */,
				6E039135280E8B2100D0987E /* SavedCountryViewController.swift in Sources */,
				6E039138280E8BA600D0987E /* DetailCardViewController.swift in Sources */,
				6ECBF0352810A7C200DE0F3C /* DetailCardViewModel.swift in Sources */,
				6E2A5373280DF15100D13300 /* AppDelegate.swift in Sources */,
				6E02B758280F0596006EA399 /* Decoders.swift in Sources */,
				6EF16BFF280F507800B8530C /* TabBarViewController.swift in Sources */,
				6E2A5375280DF15100D13300 /* SceneDelegate.swift in Sources */,
			);
			runOnlyForDeploymentPostprocessing = 0;
		};
		6E2A5381280DF15400D13300 /* Sources */ = {
			isa = PBXSourcesBuildPhase;
			buildActionMask = 2147483647;
			files = (
				6E2A538A280DF15400D13300 /* CountriesTests.swift in Sources */,
			);
			runOnlyForDeploymentPostprocessing = 0;
		};
		6E2A538B280DF15400D13300 /* Sources */ = {
			isa = PBXSourcesBuildPhase;
			buildActionMask = 2147483647;
			files = (
				6E2A5394280DF15400D13300 /* CountriesUITests.swift in Sources */,
				6E2A5396280DF15400D13300 /* CountriesUITestsLaunchTests.swift in Sources */,
			);
			runOnlyForDeploymentPostprocessing = 0;
		};
/* End PBXSourcesBuildPhase section */

/* Begin PBXTargetDependency section */
		6E2A5387280DF15400D13300 /* PBXTargetDependency */ = {
			isa = PBXTargetDependency;
			target = 6E2A536E280DF15100D13300 /* Countries */;
			targetProxy = 6E2A5386280DF15400D13300 /* PBXContainerItemProxy */;
		};
		6E2A5391280DF15400D13300 /* PBXTargetDependency */ = {
			isa = PBXTargetDependency;
			target = 6E2A536E280DF15100D13300 /* Countries */;
			targetProxy = 6E2A5390280DF15400D13300 /* PBXContainerItemProxy */;
		};
/* End PBXTargetDependency section */

/* Begin PBXVariantGroup section */
		6E2A5378280DF15100D13300 /* Main.storyboard */ = {
			isa = PBXVariantGroup;
			children = (
				6E2A5379280DF15100D13300 /* Base */,
			);
			name = Main.storyboard;
			sourceTree = "<group>";
		};
		6E2A537D280DF15400D13300 /* LaunchScreen.storyboard */ = {
			isa = PBXVariantGroup;
			children = (
				6E2A537E280DF15400D13300 /* Base */,
			);
			name = LaunchScreen.storyboard;
			sourceTree = "<group>";
		};
/* End PBXVariantGroup section */

/* Begin XCBuildConfiguration section */
		6E2A5397280DF15400D13300 /* Debug */ = {
			isa = XCBuildConfiguration;
			buildSettings = {
				ALWAYS_SEARCH_USER_PATHS = NO;
				CLANG_ANALYZER_NONNULL = YES;
				CLANG_ANALYZER_NUMBER_OBJECT_CONVERSION = YES_AGGRESSIVE;
				CLANG_CXX_LANGUAGE_STANDARD = "gnu++17";
				CLANG_ENABLE_MODULES = YES;
				CLANG_ENABLE_OBJC_ARC = YES;
				CLANG_ENABLE_OBJC_WEAK = YES;
				CLANG_WARN_BLOCK_CAPTURE_AUTORELEASING = YES;
				CLANG_WARN_BOOL_CONVERSION = YES;
				CLANG_WARN_COMMA = YES;
				CLANG_WARN_CONSTANT_CONVERSION = YES;
				CLANG_WARN_DEPRECATED_OBJC_IMPLEMENTATIONS = YES;
				CLANG_WARN_DIRECT_OBJC_ISA_USAGE = YES_ERROR;
				CLANG_WARN_DOCUMENTATION_COMMENTS = YES;
				CLANG_WARN_EMPTY_BODY = YES;
				CLANG_WARN_ENUM_CONVERSION = YES;
				CLANG_WARN_INFINITE_RECURSION = YES;
				CLANG_WARN_INT_CONVERSION = YES;
				CLANG_WARN_NON_LITERAL_NULL_CONVERSION = YES;
				CLANG_WARN_OBJC_IMPLICIT_RETAIN_SELF = YES;
				CLANG_WARN_OBJC_LITERAL_CONVERSION = YES;
				CLANG_WARN_OBJC_ROOT_CLASS = YES_ERROR;
				CLANG_WARN_QUOTED_INCLUDE_IN_FRAMEWORK_HEADER = YES;
				CLANG_WARN_RANGE_LOOP_ANALYSIS = YES;
				CLANG_WARN_STRICT_PROTOTYPES = YES;
				CLANG_WARN_SUSPICIOUS_MOVE = YES;
				CLANG_WARN_UNGUARDED_AVAILABILITY = YES_AGGRESSIVE;
				CLANG_WARN_UNREACHABLE_CODE = YES;
				CLANG_WARN__DUPLICATE_METHOD_MATCH = YES;
				COPY_PHASE_STRIP = NO;
				DEBUG_INFORMATION_FORMAT = dwarf;
				ENABLE_STRICT_OBJC_MSGSEND = YES;
				ENABLE_TESTABILITY = YES;
				GCC_C_LANGUAGE_STANDARD = gnu11;
				GCC_DYNAMIC_NO_PIC = NO;
				GCC_NO_COMMON_BLOCKS = YES;
				GCC_OPTIMIZATION_LEVEL = 0;
				GCC_PREPROCESSOR_DEFINITIONS = (
					"DEBUG=1",
					"$(inherited)",
				);
				GCC_WARN_64_TO_32_BIT_CONVERSION = YES;
				GCC_WARN_ABOUT_RETURN_TYPE = YES_ERROR;
				GCC_WARN_UNDECLARED_SELECTOR = YES;
				GCC_WARN_UNINITIALIZED_AUTOS = YES_AGGRESSIVE;
				GCC_WARN_UNUSED_FUNCTION = YES;
				GCC_WARN_UNUSED_VARIABLE = YES;
				IPHONEOS_DEPLOYMENT_TARGET = 15.4;
				MTL_ENABLE_DEBUG_INFO = INCLUDE_SOURCE;
				MTL_FAST_MATH = YES;
				ONLY_ACTIVE_ARCH = YES;
				SDKROOT = iphoneos;
				SWIFT_ACTIVE_COMPILATION_CONDITIONS = DEBUG;
				SWIFT_OPTIMIZATION_LEVEL = "-Onone";
			};
			name = Debug;
		};
		6E2A5398280DF15400D13300 /* Release */ = {
			isa = XCBuildConfiguration;
			buildSettings = {
				ALWAYS_SEARCH_USER_PATHS = NO;
				CLANG_ANALYZER_NONNULL = YES;
				CLANG_ANALYZER_NUMBER_OBJECT_CONVERSION = YES_AGGRESSIVE;
				CLANG_CXX_LANGUAGE_STANDARD = "gnu++17";
				CLANG_ENABLE_MODULES = YES;
				CLANG_ENABLE_OBJC_ARC = YES;
				CLANG_ENABLE_OBJC_WEAK = YES;
				CLANG_WARN_BLOCK_CAPTURE_AUTORELEASING = YES;
				CLANG_WARN_BOOL_CONVERSION = YES;
				CLANG_WARN_COMMA = YES;
				CLANG_WARN_CONSTANT_CONVERSION = YES;
				CLANG_WARN_DEPRECATED_OBJC_IMPLEMENTATIONS = YES;
				CLANG_WARN_DIRECT_OBJC_ISA_USAGE = YES_ERROR;
				CLANG_WARN_DOCUMENTATION_COMMENTS = YES;
				CLANG_WARN_EMPTY_BODY = YES;
				CLANG_WARN_ENUM_CONVERSION = YES;
				CLANG_WARN_INFINITE_RECURSION = YES;
				CLANG_WARN_INT_CONVERSION = YES;
				CLANG_WARN_NON_LITERAL_NULL_CONVERSION = YES;
				CLANG_WARN_OBJC_IMPLICIT_RETAIN_SELF = YES;
				CLANG_WARN_OBJC_LITERAL_CONVERSION = YES;
				CLANG_WARN_OBJC_ROOT_CLASS = YES_ERROR;
				CLANG_WARN_QUOTED_INCLUDE_IN_FRAMEWORK_HEADER = YES;
				CLANG_WARN_RANGE_LOOP_ANALYSIS = YES;
				CLANG_WARN_STRICT_PROTOTYPES = YES;
				CLANG_WARN_SUSPICIOUS_MOVE = YES;
				CLANG_WARN_UNGUARDED_AVAILABILITY = YES_AGGRESSIVE;
				CLANG_WARN_UNREACHABLE_CODE = YES;
				CLANG_WARN__DUPLICATE_METHOD_MATCH = YES;
				COPY_PHASE_STRIP = NO;
				DEBUG_INFORMATION_FORMAT = "dwarf-with-dsym";
				ENABLE_NS_ASSERTIONS = NO;
				ENABLE_STRICT_OBJC_MSGSEND = YES;
				GCC_C_LANGUAGE_STANDARD = gnu11;
				GCC_NO_COMMON_BLOCKS = YES;
				GCC_WARN_64_TO_32_BIT_CONVERSION = YES;
				GCC_WARN_ABOUT_RETURN_TYPE = YES_ERROR;
				GCC_WARN_UNDECLARED_SELECTOR = YES;
				GCC_WARN_UNINITIALIZED_AUTOS = YES_AGGRESSIVE;
				GCC_WARN_UNUSED_FUNCTION = YES;
				GCC_WARN_UNUSED_VARIABLE = YES;
				IPHONEOS_DEPLOYMENT_TARGET = 15.4;
				MTL_ENABLE_DEBUG_INFO = NO;
				MTL_FAST_MATH = YES;
				SDKROOT = iphoneos;
				SWIFT_COMPILATION_MODE = wholemodule;
				SWIFT_OPTIMIZATION_LEVEL = "-O";
				VALIDATE_PRODUCT = YES;
			};
			name = Release;
		};
		6E2A539A280DF15400D13300 /* Debug */ = {
			isa = XCBuildConfiguration;
			buildSettings = {
				ASSETCATALOG_COMPILER_APPICON_NAME = AppIcon;
				ASSETCATALOG_COMPILER_GLOBAL_ACCENT_COLOR_NAME = AccentColor;
				CODE_SIGN_STYLE = Automatic;
				CURRENT_PROJECT_VERSION = 1;
				DEVELOPMENT_TEAM = V55T83765N;
				GENERATE_INFOPLIST_FILE = YES;
				INFOPLIST_FILE = Countries/Info.plist;
				INFOPLIST_KEY_UIApplicationSupportsIndirectInputEvents = YES;
				INFOPLIST_KEY_UILaunchStoryboardName = LaunchScreen;
				INFOPLIST_KEY_UIMainStoryboardFile = Main;
				INFOPLIST_KEY_UISupportedInterfaceOrientations_iPad = "UIInterfaceOrientationPortrait UIInterfaceOrientationPortraitUpsideDown UIInterfaceOrientationLandscapeLeft UIInterfaceOrientationLandscapeRight";
				INFOPLIST_KEY_UISupportedInterfaceOrientations_iPhone = "UIInterfaceOrientationPortrait UIInterfaceOrientationLandscapeLeft UIInterfaceOrientationLandscapeRight";
				LD_RUNPATH_SEARCH_PATHS = (
					"$(inherited)",
					"@executable_path/Frameworks",
				);
				MARKETING_VERSION = 1.0;
				PRODUCT_BUNDLE_IDENTIFIER = com.sedatdalkiran.Countries;
				PRODUCT_NAME = "$(TARGET_NAME)";
				SWIFT_EMIT_LOC_STRINGS = YES;
				SWIFT_VERSION = 5.0;
				TARGETED_DEVICE_FAMILY = "1,2";
			};
			name = Debug;
		};
		6E2A539B280DF15400D13300 /* Release */ = {
			isa = XCBuildConfiguration;
			buildSettings = {
				ASSETCATALOG_COMPILER_APPICON_NAME = AppIcon;
				ASSETCATALOG_COMPILER_GLOBAL_ACCENT_COLOR_NAME = AccentColor;
				CODE_SIGN_STYLE = Automatic;
				CURRENT_PROJECT_VERSION = 1;
				DEVELOPMENT_TEAM = V55T83765N;
				GENERATE_INFOPLIST_FILE = YES;
				INFOPLIST_FILE = Countries/Info.plist;
				INFOPLIST_KEY_UIApplicationSupportsIndirectInputEvents = YES;
				INFOPLIST_KEY_UILaunchStoryboardName = LaunchScreen;
				INFOPLIST_KEY_UIMainStoryboardFile = Main;
				INFOPLIST_KEY_UISupportedInterfaceOrientations_iPad = "UIInterfaceOrientationPortrait UIInterfaceOrientationPortraitUpsideDown UIInterfaceOrientationLandscapeLeft UIInterfaceOrientationLandscapeRight";
				INFOPLIST_KEY_UISupportedInterfaceOrientations_iPhone = "UIInterfaceOrientationPortrait UIInterfaceOrientationLandscapeLeft UIInterfaceOrientationLandscapeRight";
				LD_RUNPATH_SEARCH_PATHS = (
					"$(inherited)",
					"@executable_path/Frameworks",
				);
				MARKETING_VERSION = 1.0;
				PRODUCT_BUNDLE_IDENTIFIER = com.sedatdalkiran.Countries;
				PRODUCT_NAME = "$(TARGET_NAME)";
				SWIFT_EMIT_LOC_STRINGS = YES;
				SWIFT_VERSION = 5.0;
				TARGETED_DEVICE_FAMILY = "1,2";
			};
			name = Release;
		};
		6E2A539D280DF15400D13300 /* Debug */ = {
			isa = XCBuildConfiguration;
			buildSettings = {
				ALWAYS_EMBED_SWIFT_STANDARD_LIBRARIES = YES;
				BUNDLE_LOADER = "$(TEST_HOST)";
				CODE_SIGN_STYLE = Automatic;
				CURRENT_PROJECT_VERSION = 1;
				DEVELOPMENT_TEAM = V55T83765N;
				GENERATE_INFOPLIST_FILE = YES;
				IPHONEOS_DEPLOYMENT_TARGET = 15.4;
				MARKETING_VERSION = 1.0;
				PRODUCT_BUNDLE_IDENTIFIER = com.sedatdalkiran.CountriesTests;
				PRODUCT_NAME = "$(TARGET_NAME)";
				SWIFT_EMIT_LOC_STRINGS = NO;
				SWIFT_VERSION = 5.0;
				TARGETED_DEVICE_FAMILY = "1,2";
				TEST_HOST = "$(BUILT_PRODUCTS_DIR)/Countries.app/Countries";
			};
			name = Debug;
		};
		6E2A539E280DF15400D13300 /* Release */ = {
			isa = XCBuildConfiguration;
			buildSettings = {
				ALWAYS_EMBED_SWIFT_STANDARD_LIBRARIES = YES;
				BUNDLE_LOADER = "$(TEST_HOST)";
				CODE_SIGN_STYLE = Automatic;
				CURRENT_PROJECT_VERSION = 1;
				DEVELOPMENT_TEAM = V55T83765N;
				GENERATE_INFOPLIST_FILE = YES;
				IPHONEOS_DEPLOYMENT_TARGET = 15.4;
				MARKETING_VERSION = 1.0;
				PRODUCT_BUNDLE_IDENTIFIER = com.sedatdalkiran.CountriesTests;
				PRODUCT_NAME = "$(TARGET_NAME)";
				SWIFT_EMIT_LOC_STRINGS = NO;
				SWIFT_VERSION = 5.0;
				TARGETED_DEVICE_FAMILY = "1,2";
				TEST_HOST = "$(BUILT_PRODUCTS_DIR)/Countries.app/Countries";
			};
			name = Release;
		};
		6E2A53A0280DF15400D13300 /* Debug */ = {
			isa = XCBuildConfiguration;
			buildSettings = {
				ALWAYS_EMBED_SWIFT_STANDARD_LIBRARIES = YES;
				CODE_SIGN_STYLE = Automatic;
				CURRENT_PROJECT_VERSION = 1;
				DEVELOPMENT_TEAM = V55T83765N;
				GENERATE_INFOPLIST_FILE = YES;
				MARKETING_VERSION = 1.0;
				PRODUCT_BUNDLE_IDENTIFIER = com.sedatdalkiran.CountriesUITests;
				PRODUCT_NAME = "$(TARGET_NAME)";
				SWIFT_EMIT_LOC_STRINGS = NO;
				SWIFT_VERSION = 5.0;
				TARGETED_DEVICE_FAMILY = "1,2";
				TEST_TARGET_NAME = Countries;
			};
			name = Debug;
		};
		6E2A53A1280DF15400D13300 /* Release */ = {
			isa = XCBuildConfiguration;
			buildSettings = {
				ALWAYS_EMBED_SWIFT_STANDARD_LIBRARIES = YES;
				CODE_SIGN_STYLE = Automatic;
				CURRENT_PROJECT_VERSION = 1;
				DEVELOPMENT_TEAM = V55T83765N;
				GENERATE_INFOPLIST_FILE = YES;
				MARKETING_VERSION = 1.0;
				PRODUCT_BUNDLE_IDENTIFIER = com.sedatdalkiran.CountriesUITests;
				PRODUCT_NAME = "$(TARGET_NAME)";
				SWIFT_EMIT_LOC_STRINGS = NO;
				SWIFT_VERSION = 5.0;
				TARGETED_DEVICE_FAMILY = "1,2";
				TEST_TARGET_NAME = Countries;
			};
			name = Release;
		};
/* End XCBuildConfiguration section */

/* Begin XCConfigurationList section */
		6E2A536A280DF15000D13300 /* Build configuration list for PBXProject "Countries" */ = {
			isa = XCConfigurationList;
			buildConfigurations = (
				6E2A5397280DF15400D13300 /* Debug */,
				6E2A5398280DF15400D13300 /* Release */,
			);
			defaultConfigurationIsVisible = 0;
			defaultConfigurationName = Release;
		};
		6E2A5399280DF15400D13300 /* Build configuration list for PBXNativeTarget "Countries" */ = {
			isa = XCConfigurationList;
			buildConfigurations = (
				6E2A539A280DF15400D13300 /* Debug */,
				6E2A539B280DF15400D13300 /* Release */,
			);
			defaultConfigurationIsVisible = 0;
			defaultConfigurationName = Release;
		};
		6E2A539C280DF15400D13300 /* Build configuration list for PBXNativeTarget "CountriesTests" */ = {
			isa = XCConfigurationList;
			buildConfigurations = (
				6E2A539D280DF15400D13300 /* Debug */,
				6E2A539E280DF15400D13300 /* Release */,
			);
			defaultConfigurationIsVisible = 0;
			defaultConfigurationName = Release;
		};
		6E2A539F280DF15400D13300 /* Build configuration list for PBXNativeTarget "CountriesUITests" */ = {
			isa = XCConfigurationList;
			buildConfigurations = (
				6E2A53A0280DF15400D13300 /* Debug */,
				6E2A53A1280DF15400D13300 /* Release */,
			);
			defaultConfigurationIsVisible = 0;
			defaultConfigurationName = Release;
		};
/* End XCConfigurationList section */

/* Begin XCRemoteSwiftPackageReference section */
		6E2A53B0280E1AB200D13300 /* XCRemoteSwiftPackageReference "Alamofire" */ = {
			isa = XCRemoteSwiftPackageReference;
			repositoryURL = "https://github.com/Alamofire/Alamofire.git";
			requirement = {
				branch = master;
				kind = branch;
			};
		};
		6ED900EA2811CC3F00445C0A /* XCRemoteSwiftPackageReference "SDWebImage" */ = {
			isa = XCRemoteSwiftPackageReference;
			repositoryURL = "https://github.com/SDWebImage/SDWebImage.git";
			requirement = {
				branch = master;
				kind = branch;
			};
		};
/* End XCRemoteSwiftPackageReference section */

/* Begin XCSwiftPackageProductDependency section */
		6E2A53B1280E1AB200D13300 /* Alamofire */ = {
			isa = XCSwiftPackageProductDependency;
			package = 6E2A53B0280E1AB200D13300 /* XCRemoteSwiftPackageReference "Alamofire" */;
			productName = Alamofire;
		};
		6ED900EB2811CC3F00445C0A /* SDWebImage */ = {
			isa = XCSwiftPackageProductDependency;
			package = 6ED900EA2811CC3F00445C0A /* XCRemoteSwiftPackageReference "SDWebImage" */;
			productName = SDWebImage;
		};
		6ED900ED2811CC3F00445C0A /* SDWebImageMapKit */ = {
			isa = XCSwiftPackageProductDependency;
			package = 6ED900EA2811CC3F00445C0A /* XCRemoteSwiftPackageReference "SDWebImage" */;
			productName = SDWebImageMapKit;
		};
/* End XCSwiftPackageProductDependency section */
	};
	rootObject = 6E2A5367280DF15000D13300 /* Project object */;
}
